
Microsoft Visual Studio Solution File, Format Version 12.00
Project("{FAE04EC0-301F-11D3-BF4B-00C04F79EFBC}") = "ASync_MultiThreadExec", "ASync_MultiThreadExec\ASync_MultiThreadExec.csproj", "{65DE3B8D-02E0-43C2-A734-53C4FD7F6FEF}"
EndProject
Project("{FAE04EC0-301F-11D3-BF4B-00C04F79EFBC}") = "BackgroundThread", "BackgroundThread\BackgroundThread.csproj", "{3DA5278C-EDD7-4142-8958-9FAD6DBE5F46}"
EndProject
Project("{FAE04EC0-301F-11D3-BF4B-00C04F79EFBC}") = "ConsoleApp1", "ConsoleApp1\ConsoleApp1.csproj", "{6EE2B7E5-5F2E-4244-A717-CE2D9F372AB9}"
EndProject
Project("{FAE04EC0-301F-11D3-BF4B-00C04F79EFBC}") = "TplBasic", "TplBasic\TplBasic.csproj", "{FD5774D9-AC21-4A13-A86D-8D14F79603D6}"
EndProject
Project("{FAE04EC0-301F-11D3-BF4B-00C04F79EFBC}") = "AsyncBasic", "AsyncBasic\AsyncBasic.csproj", "{B9DB6BA0-4A4E-4DE9-9EE6-04E82776DC5D}"
EndProject
Project("{FAE04EC0-301F-11D3-BF4B-00C04F79EFBC}") = "ThreadLog", "ThreadLog\ThreadLog.csproj", "{B416BD6A-B3B6-45CA-A106-57F89B6951B9}"
EndProject
Project("{FAE04EC0-301F-11D3-BF4B-00C04F79EFBC}") = "TaskDelay", "TaskDelay\TaskDelay.csproj", "{FF8AA8B9-3BBC-4406-8A98-D2E5766C4BD1}"
EndProject
Project("{FAE04EC0-301F-11D3-BF4B-00C04F79EFBC}") = "TaskWhenAll", "TaskWhenAll\TaskWhenAll.csproj", "{60792A66-8F8E-43BC-AD95-F77F568215F7}"
EndProject
Project("{FAE04EC0-301F-11D3-BF4B-00C04F79EFBC}") = "WhenAnyTest", "WhenAnyTest\WhenAnyTest.csproj", "{6AB3B954-DD78-4AAF-932F-E5F9012A17DC}"
EndProject
Project("{FAE04EC0-301F-11D3-BF4B-00C04F79EFBC}") = "AsyncExec", "AsyncExec\AsyncExec.csproj", "{34183B98-F3E1-41BD-82C9-B30B171FEBF7}"
EndProject
Global
	GlobalSection(SolutionConfigurationPlatforms) = preSolution
		Debug|Any CPU = Debug|Any CPU
		Release|Any CPU = Release|Any CPU
	EndGlobalSection
	GlobalSection(ProjectConfigurationPlatforms) = postSolution
		{65DE3B8D-02E0-43C2-A734-53C4FD7F6FEF}.Debug|Any CPU.ActiveCfg = Debug|Any CPU
		{65DE3B8D-02E0-43C2-A734-53C4FD7F6FEF}.Debug|Any CPU.Build.0 = Debug|Any CPU
		{65DE3B8D-02E0-43C2-A734-53C4FD7F6FEF}.Release|Any CPU.ActiveCfg = Release|Any CPU
		{65DE3B8D-02E0-43C2-A734-53C4FD7F6FEF}.Release|Any CPU.Build.0 = Release|Any CPU
		{3DA5278C-EDD7-4142-8958-9FAD6DBE5F46}.Debug|Any CPU.ActiveCfg = Debug|Any CPU
		{3DA5278C-EDD7-4142-8958-9FAD6DBE5F46}.Debug|Any CPU.Build.0 = Debug|Any CPU
		{3DA5278C-EDD7-4142-8958-9FAD6DBE5F46}.Release|Any CPU.ActiveCfg = Release|Any CPU
		{3DA5278C-EDD7-4142-8958-9FAD6DBE5F46}.Release|Any CPU.Build.0 = Release|Any CPU
		{6EE2B7E5-5F2E-4244-A717-CE2D9F372AB9}.Debug|Any CPU.ActiveCfg = Debug|Any CPU
		{6EE2B7E5-5F2E-4244-A717-CE2D9F372AB9}.Debug|Any CPU.Build.0 = Debug|Any CPU
		{6EE2B7E5-5F2E-4244-A717-CE2D9F372AB9}.Release|Any CPU.ActiveCfg = Release|Any CPU
		{6EE2B7E5-5F2E-4244-A717-CE2D9F372AB9}.Release|Any CPU.Build.0 = Release|Any CPU
		{FD5774D9-AC21-4A13-A86D-8D14F79603D6}.Debug|Any CPU.ActiveCfg = Debug|Any CPU
		{FD5774D9-AC21-4A13-A86D-8D14F79603D6}.Debug|Any CPU.Build.0 = Debug|Any CPU
		{FD5774D9-AC21-4A13-A86D-8D14F79603D6}.Release|Any CPU.ActiveCfg = Release|Any CPU
		{FD5774D9-AC21-4A13-A86D-8D14F79603D6}.Release|Any CPU.Build.0 = Release|Any CPU
		{B9DB6BA0-4A4E-4DE9-9EE6-04E82776DC5D}.Debug|Any CPU.ActiveCfg = Debug|Any CPU
		{B9DB6BA0-4A4E-4DE9-9EE6-04E82776DC5D}.Debug|Any CPU.Build.0 = Debug|Any CPU
		{B9DB6BA0-4A4E-4DE9-9EE6-04E82776DC5D}.Release|Any CPU.ActiveCfg = Release|Any CPU
		{B9DB6BA0-4A4E-4DE9-9EE6-04E82776DC5D}.Release|Any CPU.Build.0 = Release|Any CPU
		{B416BD6A-B3B6-45CA-A106-57F89B6951B9}.Debug|Any CPU.ActiveCfg = Debug|Any CPU
		{B416BD6A-B3B6-45CA-A106-57F89B6951B9}.Debug|Any CPU.Build.0 = Debug|Any CPU
		{B416BD6A-B3B6-45CA-A106-57F89B6951B9}.Release|Any CPU.ActiveCfg = Release|Any CPU
		{B416BD6A-B3B6-45CA-A106-57F89B6951B9}.Release|Any CPU.Build.0 = Release|Any CPU
		{FF8AA8B9-3BBC-4406-8A98-D2E5766C4BD1}.Debug|Any CPU.ActiveCfg = Debug|Any CPU
		{FF8AA8B9-3BBC-4406-8A98-D2E5766C4BD1}.Debug|Any CPU.Build.0 = Debug|Any CPU
		{FF8AA8B9-3BBC-4406-8A98-D2E5766C4BD1}.Release|Any CPU.ActiveCfg = Release|Any CPU
		{FF8AA8B9-3BBC-4406-8A98-D2E5766C4BD1}.Release|Any CPU.Build.0 = Release|Any CPU
		{60792A66-8F8E-43BC-AD95-F77F568215F7}.Debug|Any CPU.ActiveCfg = Debug|Any CPU
		{60792A66-8F8E-43BC-AD95-F77F568215F7}.Debug|Any CPU.Build.0 = Debug|Any CPU
		{60792A66-8F8E-43BC-AD95-F77F568215F7}.Release|Any CPU.ActiveCfg = Release|Any CPU
		{60792A66-8F8E-43BC-AD95-F77F568215F7}.Release|Any CPU.Build.0 = Release|Any CPU
		{6AB3B954-DD78-4AAF-932F-E5F9012A17DC}.Debug|Any CPU.ActiveCfg = Debug|Any CPU
		{6AB3B954-DD78-4AAF-932F-E5F9012A17DC}.Debug|Any CPU.Build.0 = Debug|Any CPU
		{6AB3B954-DD78-4AAF-932F-E5F9012A17DC}.Release|Any CPU.ActiveCfg = Release|Any CPU
		{6AB3B954-DD78-4AAF-932F-E5F9012A17DC}.Release|Any CPU.Build.0 = Release|Any CPU
		{34183B98-F3E1-41BD-82C9-B30B171FEBF7}.Debug|Any CPU.ActiveCfg = Debug|Any CPU
		{34183B98-F3E1-41BD-82C9-B30B171FEBF7}.Debug|Any CPU.Build.0 = Debug|Any CPU
		{34183B98-F3E1-41BD-82C9-B30B171FEBF7}.Release|Any CPU.ActiveCfg = Release|Any CPU
		{34183B98-F3E1-41BD-82C9-B30B171FEBF7}.Release|Any CPU.Build.0 = Release|Any CPU
	EndGlobalSection
EndGlobal
